{
  "lockfileVersion": 1,
  "configVersion": 1,
  "workspaces": {
    "": {
      "name": "gemma-architect",
      "dependencies": {
        "replicad": "^0.20.0",
        "replicad-opencascadejs": "^0.20.0",
        "three": "^0.162.0",
        "web-ifc": "^0.0.77",
      },
      "devDependencies": {
        "@types/node": "^20.11.0",
        "@types/three": "^0.162.0",
        "typescript": "^5.3.3",
      },
    },
  },
  "packages": {
    "@tweenjs/tween.js": ["@tweenjs/tween.js@23.1.3", "", {}, "sha512-vJmvvwFxYuGnF2axRtPYocag6Clbb5YS7kLL+SO/TeVFzHqDIWrNKYtcsPMibjDx9O+bu+psAy9NKfWklassUA=="],

    "@types/node": ["@types/node@20.19.39", "", { "dependencies": { "undici-types": "~6.21.0" } }, "sha512-orrrD74MBUyK8jOAD/r0+lfa1I2MO6I+vAkmAWzMYbCcgrN4lCrmK52gRFQq/JRxfYPfonkr4b0jcY7Olqdqbw=="],

    "@types/opentype.js": ["@types/opentype.js@1.3.4", "", {}, "sha512-6fbXi67I07ugNM+FExwJnfuui2hD7hraD6nqjr3UnqsbBpxSkrtmO6tBubPdNAjqRT9TVkquVkNS9IkgTtq6/w=="],

    "@types/stats.js": ["@types/stats.js@0.17.4", "", {}, "sha512-jIBvWWShCvlBqBNIZt0KAshWpvSjhkwkEu4ZUcASoAvhmrgAUI2t1dXrjSL4xXVLB4FznPrIsX3nKXFl/Dt4vA=="],

    "@types/three": ["@types/three@0.162.0", "", { "dependencies": { "@tweenjs/tween.js": "~23.1.1", "@types/stats.js": "*", "@types/webxr": "*", "fflate": "~0.6.10", "meshoptimizer": "~0.18.1" } }, "sha512-0j5yZcVukVIhrhSIC7+LmBPkkMoMuEJ1AfYBZfgNytdYqYREMuiyXWhYOMeZLBElTEAlJIZn7r2W3vqTIgjWlg=="],

    "@types/webxr": ["@types/webxr@0.5.24", "", {}, "sha512-h8fgEd/DpoS9CBrjEQXR+dIDraopAEfu4wYVNY2tEPwk60stPWhvZMf4Foo5FakuQ7HFZoa8WceaWFervK2Ovg=="],

    "fflate": ["fflate@0.6.10", "", {}, "sha512-IQrh3lEPM93wVCEczc9SaAOvkmcoQn/G8Bo1e8ZPlY3X3bnAxWaBdvTdvM1hP62iZp0BXWDy4vTAy4fF0+Dlpg=="],

    "flatbush": ["flatbush@4.5.1", "", { "dependencies": { "flatqueue": "^3.0.0" } }, "sha512-5tpuZV/26A5gRYfqyof3/ZTWeARKgZgd9aBrJLGNSGeasdO2PRb/2lIwDHBIuvPhKK2Y4ELuHbRGtegOwH3Lqg=="],

    "flatqueue": ["flatqueue@3.0.0", "", {}, "sha512-y1deYaVt+lIc/d2uIcWDNd0CrdQTO5xoCjeFdhX0kSXvm2Acm0o+3bAOiYklTEoRyzwio3sv3/IiBZdusbAe2Q=="],

    "meshoptimizer": ["meshoptimizer@0.18.1", "", {}, "sha512-ZhoIoL7TNV4s5B6+rx5mC//fw8/POGyNxS/DZyCJeiZ12ScLfVwRE/GfsxwiTkMYYD5DmK2/JXnEVXqL4rF+Sw=="],

    "opentype.js": ["opentype.js@1.3.4", "", { "dependencies": { "string.prototype.codepointat": "^0.2.1", "tiny-inflate": "^1.0.3" }, "bin": { "ot": "bin/ot" } }, "sha512-d2JE9RP/6uagpQAVtJoF0pJJA/fgai89Cc50Yp0EJHk+eLp6QQ7gBoblsnubRULNY132I0J1QKMJ+JTbMqz4sw=="],

    "replicad": ["replicad@0.20.5", "", { "dependencies": { "@types/opentype.js": "1.3.4", "flatbush": "^4.0.0", "opentype.js": "1.3.4" } }, "sha512-6aDfqwo9yWWJc5w0IOzvbVTij9o/Edh1Qm619bxAcqhNvXB7m0e7JNlEkhXIJFyRACJjQR0KHD5b3DXtvKDkCQ=="],

    "replicad-opencascadejs": ["replicad-opencascadejs@0.20.2", "", {}, "sha512-scws/tSYeO3CxwRBVK264QbHcGZXQl1mNmRewczSO/Ac9BLDNQ6RAMk5NeB8jK7YQlRU04kwf+Ge0ydFRUO6ig=="],

    "string.prototype.codepointat": ["string.prototype.codepointat@0.2.1", "", {}, "sha512-2cBVCj6I4IOvEnjgO/hWqXjqBGsY+zwPmHl12Srk9IXSZ56Jwwmy+66XO5Iut/oQVR7t5ihYdLB0GMa4alEUcg=="],

    "three": ["three@0.162.0", "", {}, "sha512-xfCYj4RnlozReCmUd+XQzj6/5OjDNHBy5nT6rVwrOKGENAvpXe2z1jL+DZYaMu4/9pNsjH/4Os/VvS9IrH7IOQ=="],

    "tiny-inflate": ["tiny-inflate@1.0.3", "", {}, "sha512-pkY1fj1cKHb2seWDy0B16HeWyczlJA9/WW3u3c4z/NiWDsO3DOU5D7nhTLE9CF0yXv/QZFY7sEJmj24dK+Rrqw=="],

    "typescript": ["typescript@5.9.3", "", { "bin": { "tsc": "bin/tsc", "tsserver": "bin/tsserver" } }, "sha512-jl1vZzPDinLr9eUt3J/t7V6FgNEw9QjvBPdysz9KfQDD41fQrC2Y4vKQdiaUpFT4bXlb1RHhLpp8wtm6M5TgSw=="],

    "undici-types": ["undici-types@6.21.0", "", {}, "sha512-iwDZqg0QAGrg9Rav5H4n0M64c3mkR59cJ6wQp+7C4nI0gsmExaedaYLNO44eT4AtBBwjbTiGPMlt2Md0T9H9JQ=="],

    "web-ifc": ["web-ifc@0.0.77", "", {}, "sha512-VzQ0W/Iiqbidxn1ECUvz6qJ6p2sXBVNcOsUOBCETzy77psAH6yFLKQm74aXabkx3JH4OvFVHe8k1qS6+Z2zl1w=="],
  }
}
